
Microsoft Visual Studio Solution File, Format Version 12.00
# Visual Studio Version 17
VisualStudioVersion = 17.13.35806.99
MinimumVisualStudioVersion = 10.0.40219.1
Project("{FAE04EC0-301F-11D3-BF4B-00C04F79EFBC}") = "1. Кино", "1. Кино\1. Кино.csproj", "{8FC69597-07EB-49ED-A6D5-B108FA350B27}"
EndProject
Project("{FAE04EC0-301F-11D3-BF4B-00C04F79EFBC}") = "2.  Лятно облекло", "2.  Лятно облекло\2.  Лятно облекло.csproj", "{30B63B4B-9471-4582-AABA-EB9ABCEB4875}"
EndProject
Project("{FAE04EC0-301F-11D3-BF4B-00C04F79EFBC}") = "3. Нов дом", "3. Нов дом\3. Нов дом.csproj", "{099811AD-2358-4DEA-B600-60B4644FF0EB}"
EndProject
Project("{FAE04EC0-301F-11D3-BF4B-00C04F79EFBC}") = "4. Лодка за риболов", "4. Лодка за риболов\4. Лодка за риболов.csproj", "{0CDE9668-B8FC-4EF8-A516-0E305EC1F079}"
EndProject
Project("{FAE04EC0-301F-11D3-BF4B-00C04F79EFBC}") = "5. Пътешествие", "5. Пътешествие\5. Пътешествие.csproj", "{A9A31BB6-F2A3-4BB8-AF90-BB791333D97D}"
EndProject
Project("{FAE04EC0-301F-11D3-BF4B-00C04F79EFBC}") = "06. Operations Between Numbers", "06. Operations Between Numbers\06. Operations Between Numbers.csproj", "{FD2BD803-A0A5-4861-B1EA-0E4178141EE3}"
EndProject
Project("{FAE04EC0-301F-11D3-BF4B-00C04F79EFBC}") = "07. Hotel Room", "07. Hotel Room\07. Hotel Room.csproj", "{4CA3B8D8-417A-4756-ACA9-E86EB2CCAC60}"
EndProject
Project("{FAE04EC0-301F-11D3-BF4B-00C04F79EFBC}") = "08. On Time for the Exam", "08. On Time for the Exam\08. On Time for the Exam.csproj", "{615E1612-ED68-47BB-A1C3-F5B265417ED4}"
EndProject
Project("{FAE04EC0-301F-11D3-BF4B-00C04F79EFBC}") = "09. Ski Trip", "09. Ski Trip\09. Ski Trip.csproj", "{70483928-B3EB-4C9D-ACDF-1EF369840D84}"
EndProject
Global
	GlobalSection(SolutionConfigurationPlatforms) = preSolution
		Debug|Any CPU = Debug|Any CPU
		Release|Any CPU = Release|Any CPU
	EndGlobalSection
	GlobalSection(ProjectConfigurationPlatforms) = postSolution
		{8FC69597-07EB-49ED-A6D5-B108FA350B27}.Debug|Any CPU.ActiveCfg = Debug|Any CPU
		{8FC69597-07EB-49ED-A6D5-B108FA350B27}.Debug|Any CPU.Build.0 = Debug|Any CPU
		{8FC69597-07EB-49ED-A6D5-B108FA350B27}.Release|Any CPU.ActiveCfg = Release|Any CPU
		{8FC69597-07EB-49ED-A6D5-B108FA350B27}.Release|Any CPU.Build.0 = Release|Any CPU
		{30B63B4B-9471-4582-AABA-EB9ABCEB4875}.Debug|Any CPU.ActiveCfg = Debug|Any CPU
		{30B63B4B-9471-4582-AABA-EB9ABCEB4875}.Debug|Any CPU.Build.0 = Debug|Any CPU
		{30B63B4B-9471-4582-AABA-EB9ABCEB4875}.Release|Any CPU.ActiveCfg = Release|Any CPU
		{30B63B4B-9471-4582-AABA-EB9ABCEB4875}.Release|Any CPU.Build.0 = Release|Any CPU
		{099811AD-2358-4DEA-B600-60B4644FF0EB}.Debug|Any CPU.ActiveCfg = Debug|Any CPU
		{099811AD-2358-4DEA-B600-60B4644FF0EB}.Debug|Any CPU.Build.0 = Debug|Any CPU
		{099811AD-2358-4DEA-B600-60B4644FF0EB}.Release|Any CPU.ActiveCfg = Release|Any CPU
		{099811AD-2358-4DEA-B600-60B4644FF0EB}.Release|Any CPU.Build.0 = Release|Any CPU
		{0CDE9668-B8FC-4EF8-A516-0E305EC1F079}.Debug|Any CPU.ActiveCfg = Debug|Any CPU
		{0CDE9668-B8FC-4EF8-A516-0E305EC1F079}.Debug|Any CPU.Build.0 = Debug|Any CPU
		{0CDE9668-B8FC-4EF8-A516-0E305EC1F079}.Release|Any CPU.ActiveCfg = Release|Any CPU
		{0CDE9668-B8FC-4EF8-A516-0E305EC1F079}.Release|Any CPU.Build.0 = Release|Any CPU
		{A9A31BB6-F2A3-4BB8-AF90-BB791333D97D}.Debug|Any CPU.ActiveCfg = Debug|Any CPU
		{A9A31BB6-F2A3-4BB8-AF90-BB791333D97D}.Debug|Any CPU.Build.0 = Debug|Any CPU
		{A9A31BB6-F2A3-4BB8-AF90-BB791333D97D}.Release|Any CPU.ActiveCfg = Release|Any CPU
		{A9A31BB6-F2A3-4BB8-AF90-BB791333D97D}.Release|Any CPU.Build.0 = Release|Any CPU
		{FD2BD803-A0A5-4861-B1EA-0E4178141EE3}.Debug|Any CPU.ActiveCfg = Debug|Any CPU
		{FD2BD803-A0A5-4861-B1EA-0E4178141EE3}.Debug|Any CPU.Build.0 = Debug|Any CPU
		{FD2BD803-A0A5-4861-B1EA-0E4178141EE3}.Release|Any CPU.ActiveCfg = Release|Any CPU
		{FD2BD803-A0A5-4861-B1EA-0E4178141EE3}.Release|Any CPU.Build.0 = Release|Any CPU
		{4CA3B8D8-417A-4756-ACA9-E86EB2CCAC60}.Debug|Any CPU.ActiveCfg = Debug|Any CPU
		{4CA3B8D8-417A-4756-ACA9-E86EB2CCAC60}.Debug|Any CPU.Build.0 = Debug|Any CPU
		{4CA3B8D8-417A-4756-ACA9-E86EB2CCAC60}.Release|Any CPU.ActiveCfg = Release|Any CPU
		{4CA3B8D8-417A-4756-ACA9-E86EB2CCAC60}.Release|Any CPU.Build.0 = Release|Any CPU
		{615E1612-ED68-47BB-A1C3-F5B265417ED4}.Debug|Any CPU.ActiveCfg = Debug|Any CPU
		{615E1612-ED68-47BB-A1C3-F5B265417ED4}.Debug|Any CPU.Build.0 = Debug|Any CPU
		{615E1612-ED68-47BB-A1C3-F5B265417ED4}.Release|Any CPU.ActiveCfg = Release|Any CPU
		{615E1612-ED68-47BB-A1C3-F5B265417ED4}.Release|Any CPU.Build.0 = Release|Any CPU
		{70483928-B3EB-4C9D-ACDF-1EF369840D84}.Debug|Any CPU.ActiveCfg = Debug|Any CPU
		{70483928-B3EB-4C9D-ACDF-1EF369840D84}.Debug|Any CPU.Build.0 = Debug|Any CPU
		{70483928-B3EB-4C9D-ACDF-1EF369840D84}.Release|Any CPU.ActiveCfg = Release|Any CPU
		{70483928-B3EB-4C9D-ACDF-1EF369840D84}.Release|Any CPU.Build.0 = Release|Any CPU
	EndGlobalSection
	GlobalSection(SolutionProperties) = preSolution
		HideSolutionNode = FALSE
	EndGlobalSection
	GlobalSection(ExtensibilityGlobals) = postSolution
		SolutionGuid = {E862E71F-90AE-4BC4-88E1-8C114771AAD2}
	EndGlobalSection
EndGlobal
